
Microsoft Visual Studio Solution File, Format Version 12.00
# Visual Studio 15
VisualStudioVersion = 15.0.28307.572
MinimumVisualStudioVersion = 10.0.40219.1
Project("{FAE04EC0-301F-11D3-BF4B-00C04F79EFBC}") = "LessonLoops", "LessonLoops.csproj", "{926042A4-486E-4418-B8DA-1F7240A3D489}"
EndProject
Global
	GlobalSection(SolutionConfigurationPlatforms) = preSolution
		Debug|Any CPU = Debug|Any CPU
		Release|Any CPU = Release|Any CPU
	EndGlobalSection
	GlobalSection(ProjectConfigurationPlatforms) = postSolution
		{926042A4-486E-4418-B8DA-1F7240A3D489}.Debug|Any CPU.ActiveCfg = Debug|Any CPU
		{926042A4-486E-4418-B8DA-1F7240A3D489}.Debug|Any CPU.Build.0 = Debug|Any CPU
		{926042A4-486E-4418-B8DA-1F7240A3D489}.Release|Any CPU.ActiveCfg = Release|Any CPU
		{926042A4-486E-4418-B8DA-1F7240A3D489}.Release|Any CPU.Build.0 = Release|Any CPU
	EndGlobalSection
	GlobalSection(SolutionProperties) = preSolution
		HideSolutionNode = FALSE
	EndGlobalSection
	GlobalSection(ExtensibilityGlobals) = postSolution
		SolutionGuid = {D31C2B9D-34F9-4952-B33C-EDFA0A126960}
	EndGlobalSection
EndGlobal
